{
  "name": "examples",
  "version": "0.1.0",
  "lockfileVersion": 1,
  "requires": true,
  "dependencies": {
    "@domui/core": {
      "version": "0.1.24",
      "resolved": "https://registry.npmjs.org/@domui/core/-/core-0.1.24.tgz",
      "integrity": "sha512-UDNw2MST9ym09Jp/HIAFYrk0Pocq8MEF4//myPrVetnnZ0D4lzFSbgtvphdhJBjsIGDgn8KShqlkZe19lbbn7w=="
    },
    "esbuild": {
      "version": "0.11.2",
      "resolved": "https://registry.npmjs.org/esbuild/-/esbuild-0.11.2.tgz",
      "integrity": "sha512-8d5FCQrR+juXC2u9zjTQ3+IYiuFuaWyKYwmApFJLquTrYNbk36H/+MkRQeTuOJg7IjUchRX2Ulwo1zRYXZ1pUg==",
      "dev": true
    }
  }
}
